Microsoft Visual Studio Solution File, Format Version 12.00
# Visual Studio Version 17
VisualStudioVersion = 17.5.2.0
MinimumVisualStudioVersion = 10.0.40219.1
Project("{FAE04EC0-301F-11D3-BF4B-00C04F79EFBC}") = "apiRESTCheckBdFull", "apiRESTCheckBdFull\apiRESTCheckBdFull.csproj", "{3D24F797-C42E-BEF0-6BCB-0D417CA86BE4}"
EndProject
Global
	GlobalSection(SolutionConfigurationPlatforms) = preSolution
		Debug|Any CPU = Debug|Any CPU
		Release|Any CPU = Release|Any CPU
	EndGlobalSection
	GlobalSection(ProjectConfigurationPlatforms) = postSolution
		{3D24F797-C42E-BEF0-6BCB-0D417CA86BE4}.Debug|Any CPU.ActiveCfg = Debug|Any CPU
		{3D24F797-C42E-BEF0-6BCB-0D417CA86BE4}.Debug|Any CPU.Build.0 = Debug|Any CPU
		{3D24F797-C42E-BEF0-6BCB-0D417CA86BE4}.Release|Any CPU.ActiveCfg = Release|Any CPU
		{3D24F797-C42E-BEF0-6BCB-0D417CA86BE4}.Release|Any CPU.Build.0 = Release|Any CPU
	EndGlobalSection
	GlobalSection(SolutionProperties) = preSolution
		HideSolutionNode = FALSE
	EndGlobalSection
	GlobalSection(ExtensibilityGlobals) = postSolution
		SolutionGuid = {E23FE4C9-0907-4615-AA16-F6144856548A}
	EndGlobalSection
EndGlobal
